
Microsoft Visual Studio Solution File, Format Version 12.00
# Visual Studio Version 16
VisualStudioVersion = 16.0.30128.74
MinimumVisualStudioVersion = 10.0.40219.1
Project("{FAE04EC0-301F-11D3-BF4B-00C04F79EFBC}") = "MRBR_Companion", "MRBR_Companion\MRBR_Companion.csproj", "{BF769D11-B667-4BED-B4A2-F98E3FD54452}"
EndProject
Global
	GlobalSection(SolutionConfigurationPlatforms) = preSolution
		Debug|Any CPU = Debug|Any CPU
		Release|Any CPU = Release|Any CPU
	EndGlobalSection
	GlobalSection(ProjectConfigurationPlatforms) = postSolution
		{BF769D11-B667-4BED-B4A2-F98E3FD54452}.Debug|Any CPU.ActiveCfg = Debug|Any CPU
		{BF769D11-B667-4BED-B4A2-F98E3FD54452}.Debug|Any CPU.Build.0 = Debug|Any CPU
		{BF769D11-B667-4BED-B4A2-F98E3FD54452}.Release|Any CPU.ActiveCfg = Release|Any CPU
		{BF769D11-B667-4BED-B4A2-F98E3FD54452}.Release|Any CPU.Build.0 = Release|Any CPU
	EndGlobalSection
	GlobalSection(SolutionProperties) = preSolution
		HideSolutionNode = FALSE
	EndGlobalSection
	GlobalSection(ExtensibilityGlobals) = postSolution
		SolutionGuid = {D4267CFC-DF8B-43C0-AC32-0ACC5223074F}
	EndGlobalSection
EndGlobal
